
Microsoft Visual Studio Solution File, Format Version 12.00
# Visual Studio Version 17
VisualStudioVersion = 17.8.34511.84
MinimumVisualStudioVersion = 10.0.40219.1
Project("{FAE04EC0-301F-11D3-BF4B-00C04F79EFBC}") = "ConsoleApp21", "ConsoleApp21\ConsoleApp21.csproj", "{938F4F31-0072-4E54-9D29-3B8C8B9B634E}"
EndProject
Global
	GlobalSection(SolutionConfigurationPlatforms) = preSolution
		Debug|Any CPU = Debug|Any CPU
		Release|Any CPU = Release|Any CPU
	EndGlobalSection
	GlobalSection(ProjectConfigurationPlatforms) = postSolution
		{938F4F31-0072-4E54-9D29-3B8C8B9B634E}.Debug|Any CPU.ActiveCfg = Debug|Any CPU
		{938F4F31-0072-4E54-9D29-3B8C8B9B634E}.Debug|Any CPU.Build.0 = Debug|Any CPU
		{938F4F31-0072-4E54-9D29-3B8C8B9B634E}.Release|Any CPU.ActiveCfg = Release|Any CPU
		{938F4F31-0072-4E54-9D29-3B8C8B9B634E}.Release|Any CPU.Build.0 = Release|Any CPU
	EndGlobalSection
	GlobalSection(SolutionProperties) = preSolution
		HideSolutionNode = FALSE
	EndGlobalSection
	GlobalSection(ExtensibilityGlobals) = postSolution
		SolutionGuid = {24F937F2-1860-4E14-8A8F-58EC197BCA4F}
	EndGlobalSection
EndGlobal
